
Microsoft Visual Studio Solution File, Format Version 12.00
# Visual Studio 2013
VisualStudioVersion = 12.0.21005.1
MinimumVisualStudioVersion = 10.0.40219.1
Project("{FAE04EC0-301F-11D3-BF4B-00C04F79EFBC}") = "Singleton", "Singleton\Singleton.csproj", "{82797771-D3A8-4824-8369-A43D86D4F022}"
EndProject
Project("{FAE04EC0-301F-11D3-BF4B-00C04F79EFBC}") = "Adapter", "Adapter\Adapter.csproj", "{78F52504-9038-4524-BA3F-DFC4341DAC2A}"
EndProject
Project("{FAE04EC0-301F-11D3-BF4B-00C04F79EFBC}") = "Builder", "Builder\Builder.csproj", "{CE0E0B7C-F911-47AF-972D-87CFDC10B9AF}"
EndProject
Project("{FAE04EC0-301F-11D3-BF4B-00C04F79EFBC}") = "Bridge", "Bridge\Bridge.csproj", "{BD56FD9E-80ED-4CF8-B9D3-99346270CD2E}"
EndProject
Global
	GlobalSection(SolutionConfigurationPlatforms) = preSolution
		Debug|Any CPU = Debug|Any CPU
		Release|Any CPU = Release|Any CPU
	EndGlobalSection
	GlobalSection(ProjectConfigurationPlatforms) = postSolution
		{82797771-D3A8-4824-8369-A43D86D4F022}.Debug|Any CPU.ActiveCfg = Debug|Any CPU
		{82797771-D3A8-4824-8369-A43D86D4F022}.Debug|Any CPU.Build.0 = Debug|Any CPU
		{82797771-D3A8-4824-8369-A43D86D4F022}.Release|Any CPU.ActiveCfg = Release|Any CPU
		{82797771-D3A8-4824-8369-A43D86D4F022}.Release|Any CPU.Build.0 = Release|Any CPU
		{78F52504-9038-4524-BA3F-DFC4341DAC2A}.Debug|Any CPU.ActiveCfg = Debug|Any CPU
		{78F52504-9038-4524-BA3F-DFC4341DAC2A}.Debug|Any CPU.Build.0 = Debug|Any CPU
		{78F52504-9038-4524-BA3F-DFC4341DAC2A}.Release|Any CPU.ActiveCfg = Release|Any CPU
		{78F52504-9038-4524-BA3F-DFC4341DAC2A}.Release|Any CPU.Build.0 = Release|Any CPU
		{CE0E0B7C-F911-47AF-972D-87CFDC10B9AF}.Debug|Any CPU.ActiveCfg = Debug|Any CPU
		{CE0E0B7C-F911-47AF-972D-87CFDC10B9AF}.Debug|Any CPU.Build.0 = Debug|Any CPU
		{CE0E0B7C-F911-47AF-972D-87CFDC10B9AF}.Release|Any CPU.ActiveCfg = Release|Any CPU
		{CE0E0B7C-F911-47AF-972D-87CFDC10B9AF}.Release|Any CPU.Build.0 = Release|Any CPU
		{BD56FD9E-80ED-4CF8-B9D3-99346270CD2E}.Debug|Any CPU.ActiveCfg = Debug|Any CPU
		{BD56FD9E-80ED-4CF8-B9D3-99346270CD2E}.Debug|Any CPU.Build.0 = Debug|Any CPU
		{BD56FD9E-80ED-4CF8-B9D3-99346270CD2E}.Release|Any CPU.ActiveCfg = Release|Any CPU
		{BD56FD9E-80ED-4CF8-B9D3-99346270CD2E}.Release|Any CPU.Build.0 = Release|Any CPU
	EndGlobalSection
	GlobalSection(SolutionProperties) = preSolution
		HideSolutionNode = FALSE
	EndGlobalSection
EndGlobal
